// !$*UTF8*$!
{
	archiveVersion = 1;
	classes = {
	};
	objectVersion = 46;
	objects = {

/* Begin PBXBuildFile section */
		98682CA11CFBECC600077BBF /* main.c in Sources */ = {isa = PBXBuildFile; fileRef = 98682CA01CFBECC600077BBF /* main.c */; };
		98682CAD1CFBEDCF00077BBF /* 01.c in Sources */ = {isa = PBXBuildFile; fileRef = 98682CAB1CFBEDCF00077BBF /* 01.c */; };
/* End PBXBuildFile section */

/* Begin PBXCopyFilesBuildPhase section */
		98682C9B1CFBECC600077BBF /* CopyFiles */ = {
			isa = PBXCopyFilesBuildPhase;
			buildActionMask = 2147483647;
			dstPath = /usr/share/man/man1/;
			dstSubfolderSpec = 0;
			files = (
			);
			runOnlyForDeploymentPostprocessing = 1;
		};
/* End PBXCopyFilesBuildPhase section */

/* Begin PBXFileReference section */
		98682C9D1CFBECC600077BBF /* CSAPP */ = {isa = PBXFileReference; explicitFileType = "compiled.mach-o.executable"; includeInIndex = 0; path = CSAPP; sourceTree = BUILT_PRODUCTS_DIR; };
		98682CA01CFBECC600077BBF /* main.c */ = {isa = PBXFileReference; lastKnownFileType = sourcecode.c.c; path = main.c; sourceTree = "<group>"; };
		98682CAB1CFBEDCF00077BBF /* 01.c */ = {isa = PBXFileReference; fileEncoding = 4; lastKnownFileType = sourcecode.c.c; name = 01.c; path = Chapter1/01.c; sourceTree = "<group>"; };
		98682CAC1CFBEDCF00077BBF /* 01.h */ = {isa = PBXFileReference; fileEncoding = 4; lastKnownFileType = sourcecode.c.h; name = 01.h; path = Chapter1/01.h; sourceTree = "<group>"; };
/* End PBXFileReference section */

/* Begin PBXFrameworksBuildPhase section */
		98682C9A1CFBECC600077BBF /* Frameworks */ = {
			isa = PBXFrameworksBuildPhase;
			buildActionMask = 2147483647;
			files = (
			);
			runOnlyForDeploymentPostprocessing = 0;
		};
/* End PBXFrameworksBuildPhase section */

/* Begin PBXGroup section */
		98682C941CFBECC600077BBF = {
			isa = PBXGroup;
			children = (
				98682C9F1CFBECC600077BBF /* CSAPP */,
				98682C9E1CFBECC600077BBF /* Products */,
			);
			sourceTree = "<group>";
		};
		98682C9E1CFBECC600077BBF /* Products */ = {
			isa = PBXGroup;
			children = (
				98682C9D1CFBECC600077BBF /* CSAPP */,
			);
			name = Products;
			sourceTree = "<group>";
		};
		98682C9F1CFBECC600077BBF /* CSAPP */ = {
			isa = PBXGroup;
			children = (
				98682CAA1CFBED1D00077BBF /* Chapter1 */,
				98682CA01CFBECC600077BBF /* main.c */,
			);
			path = CSAPP;
			sourceTree = "<group>";
		};
		98682CAA1CFBED1D00077BBF /* Chapter1 */ = {
			isa = PBXGroup;
			children = (
				98682CAB1CFBEDCF00077BBF /* 01.c */,
				98682CAC1CFBEDCF00077BBF /* 01.h */,
			);
			name = Chapter1;
			sourceTree = "<group>";
		};
/* End PBXGroup section */

/* Begin PBXNativeTarget section */
		98682C9C1CFBECC600077BBF /* CSAPP */ = {
			isa = PBXNativeTarget;
			buildConfigurationList = 98682CA41CFBECC600077BBF /* Build configuration list for PBXNativeTarget "CSAPP" */;
			buildPhases = (
				98682C991CFBECC600077BBF /* Sources */,
				98682C9A1CFBECC600077BBF /* Frameworks */,
				98682C9B1CFBECC600077BBF /* CopyFiles */,
			);
			buildRules = (
			);
			dependencies = (
			);
			name = CSAPP;
			productName = CSAPP;
			productReference = 98682C9D1CFBECC600077BBF /* CSAPP */;
			productType = "com.apple.product-type.tool";
		};
/* End PBXNativeTarget section */

/* Begin PBXProject section */
		98682C951CFBECC600077BBF /* Project object */ = {
			isa = PBXProject;
			attributes = {
				LastUpgradeCheck = 0720;
				ORGANIZATIONNAME = "dtysky@outlook.com";
				TargetAttributes = {
					98682C9C1CFBECC600077BBF = {
						CreatedOnToolsVersion = 7.2;
					};
				};
			};
			buildConfigurationList = 98682C981CFBECC600077BBF /* Build configuration list for PBXProject "CSAPP" */;
			compatibilityVersion = "Xcode 3.2";
			developmentRegion = English;
			hasScannedForEncodings = 0;
			knownRegions = (
				en,
			);
			mainGroup = 98682C941CFBECC600077BBF;
			productRefGroup = 98682C9E1CFBECC600077BBF /* Products */;
			projectDirPath = "";
			projectRoot = "";
			targets = (
				98682C9C1CFBECC600077BBF /* CSAPP */,
			);
		};
/* End PBXProject section */

/* Begin PBXSourcesBuildPhase section */
		98682C991CFBECC600077BBF /* Sources */ = {
			isa = PBXSourcesBuildPhase;
			buildActionMask = 2147483647;
			files = (
				98682CAD1CFBEDCF00077BBF /* 01.c in Sources */,
				98682CA11CFBECC600077BBF /* main.c in Sources */,
			);
			runOnlyForDeploymentPostprocessing = 0;
		};
/* End PBXSourcesBuildPhase section */

/* Begin XCBuildConfiguration section */
		98682CA21CFBECC600077BBF /* Debug */ = {
			isa = XCBuildConfiguration;
			buildSettings = {
				ALWAYS_SEARCH_USER_PATHS = NO;
				CLANG_CXX_LANGUAGE_STANDARD = "gnu++0x";
				CLANG_CXX_LIBRARY = "libc++";
				CLANG_ENABLE_MODULES = YES;
				CLANG_ENABLE_OBJC_ARC = YES;
				CLANG_WARN_BOOL_CONVERSION = YES;
				CLANG_WARN_CONSTANT_CONVERSION = YES;
				CLANG_WARN_DIRECT_OBJC_ISA_USAGE = YES_ERROR;
				CLANG_WARN_EMPTY_BODY = YES;
				CLANG_WARN_ENUM_CONVERSION = YES;
				CLANG_WARN_INT_CONVERSION = YES;
				CLANG_WARN_OBJC_ROOT_CLASS = YES_ERROR;
				CLANG_WARN_UNREACHABLE_CODE = YES;
				CLANG_WARN__DUPLICATE_METHOD_MATCH = YES;
				CODE_SIGN_IDENTITY = "-";
				COPY_PHASE_STRIP = NO;
				DEBUG_INFORMATION_FORMAT = dwarf;
				ENABLE_STRICT_OBJC_MSGSEND = YES;
				ENABLE_TESTABILITY = YES;
				GCC_C_LANGUAGE_STANDARD = gnu99;
				GCC_DYNAMIC_NO_PIC = NO;
				GCC_NO_COMMON_BLOCKS = YES;
				GCC_OPTIMIZATION_LEVEL = 0;
				GCC_PREPROCESSOR_DEFINITIONS = (
					"DEBUG=1",
					"$(inherited)",
				);
				GCC_WARN_64_TO_32_BIT_CONVERSION = YES;
				GCC_WARN_ABOUT_RETURN_TYPE = YES_ERROR;
				GCC_WARN_UNDECLARED_SELECTOR = YES;
				GCC_WARN_UNINITIALIZED_AUTOS = YES_AGGRESSIVE;
				GCC_WARN_UNUSED_FUNCTION = YES;
				GCC_WARN_UNUSED_VARIABLE = YES;
				MACOSX_DEPLOYMENT_TARGET = 10.10;
				MTL_ENABLE_DEBUG_INFO = YES;
				ONLY_ACTIVE_ARCH = YES;
				SDKROOT = macosx;
			};
			name = Debug;
		};
		98682CA31CFBECC600077BBF /* Release */ = {
			isa = XCBuildConfiguration;
			buildSettings = {
				ALWAYS_SEARCH_USER_PATHS = NO;
				CLANG_CXX_LANGUAGE_STANDARD = "gnu++0x";
				CLANG_CXX_LIBRARY = "libc++";
				CLANG_ENABLE_MODULES = YES;
				CLANG_ENABLE_OBJC_ARC = YES;
				CLANG_WARN_BOOL_CONVERSION = YES;
				CLANG_WARN_CONSTANT_CONVERSION = YES;
				CLANG_WARN_DIRECT_OBJC_ISA_USAGE = YES_ERROR;
				CLANG_WARN_EMPTY_BODY = YES;
				CLANG_WARN_ENUM_CONVERSION = YES;
				CLANG_WARN_INT_CONVERSION = YES;
				CLANG_WARN_OBJC_ROOT_CLASS = YES_ERROR;
				CLANG_WARN_UNREACHABLE_CODE = YES;
				CLANG_WARN__DUPLICATE_METHOD_MATCH = YES;
				CODE_SIGN_IDENTITY = "-";
				COPY_PHASE_STRIP = NO;
				DEBUG_INFORMATION_FORMAT = "dwarf-with-dsym";
				ENABLE_NS_ASSERTIONS = NO;
				ENABLE_STRICT_OBJC_MSGSEND = YES;
				GCC_C_LANGUAGE_STANDARD = gnu99;
				GCC_NO_COMMON_BLOCKS = YES;
				GCC_WARN_64_TO_32_BIT_CONVERSION = YES;
				GCC_WARN_ABOUT_RETURN_TYPE = YES_ERROR;
				GCC_WARN_UNDECLARED_SELECTOR = YES;
				GCC_WARN_UNINITIALIZED_AUTOS = YES_AGGRESSIVE;
				GCC_WARN_UNUSED_FUNCTION = YES;
				GCC_WARN_UNUSED_VARIABLE = YES;
				MACOSX_DEPLOYMENT_TARGET = 10.10;
				MTL_ENABLE_DEBUG_INFO = NO;
				SDKROOT = macosx;
			};
			name = Release;
		};
		98682CA51CFBECC600077BBF /* Debug */ = {
			isa = XCBuildConfiguration;
			buildSettings = {
				PRODUCT_NAME = "$(TARGET_NAME)";
			};
			name = Debug;
		};
		98682CA61CFBECC600077BBF /* Release */ = {
			isa = XCBuildConfiguration;
			buildSettings = {
				PRODUCT_NAME = "$(TARGET_NAME)";
			};
			name = Release;
		};
/* End XCBuildConfiguration section */

/* Begin XCConfigurationList section */
		98682C981CFBECC600077BBF /* Build configuration list for PBXProject "CSAPP" */ = {
			isa = XCConfigurationList;
			buildConfigurations = (
				98682CA21CFBECC600077BBF /* Debug */,
				98682CA31CFBECC600077BBF /* Release */,
			);
			defaultConfigurationIsVisible = 0;
			defaultConfigurationName = Release;
		};
		98682CA41CFBECC600077BBF /* Build configuration list for PBXNativeTarget "CSAPP" */ = {
			isa = XCConfigurationList;
			buildConfigurations = (
				98682CA51CFBECC600077BBF /* Debug */,
				98682CA61CFBECC600077BBF /* Release */,
			);
			defaultConfigurationIsVisible = 0;
		};
/* End XCConfigurationList section */
	};
	rootObject = 98682C951CFBECC600077BBF /* Project object */;
}
